<?xml version="1.0" encoding="UTF-8" standalone="yes" ?>
<CodeBlocks_project_file>
   <FileVersion major="1" minor="6" />
   <Project>
      <Option title="dgp-final" />
      <Option makefile_is_custom="1" />
      <Option compiler="gcc" />
      <Option virtualFolders="CMake Files\;CMake Files\cmake\;CMake Files\data\;CMake Files\Mesh-Mixing\;" />
      <Build>
      <Target title="all">
         <Option working_dir="/Volumes/evannick/dgp-final/dgp-final-build" />
         <Option type="4" />
         <MakeCommands>
            <Build command="/usr/bin/make -f &quot;/Volumes/evannick/dgp-final/dgp-final-build/Makefile&quot;  VERBOSE=1 all" />
            <CompileFile command="/usr/bin/make -f &quot;/Volumes/evannick/dgp-final/dgp-final-build/Makefile&quot;  VERBOSE=1 &quot;$file&quot;" />
            <Clean command="/usr/bin/make -f &quot;/Volumes/evannick/dgp-final/dgp-final-build/Makefile&quot;  VERBOSE=1 clean" />
            <DistClean command="/usr/bin/make -f &quot;/Volumes/evannick/dgp-final/dgp-final-build/Makefile&quot;  VERBOSE=1 clean" />
         </MakeCommands>
      </Target>
      <Target title="edit_cache">
         <Option working_dir="/Volumes/evannick/dgp-final/dgp-final-build" />
         <Option type="4" />
         <MakeCommands>
            <Build command="/usr/bin/make -f &quot;/Volumes/evannick/dgp-final/dgp-final-build/Makefile&quot;  VERBOSE=1 edit_cache" />
            <CompileFile command="/usr/bin/make -f &quot;/Volumes/evannick/dgp-final/dgp-final-build/Makefile&quot;  VERBOSE=1 &quot;$file&quot;" />
            <Clean command="/usr/bin/make -f &quot;/Volumes/evannick/dgp-final/dgp-final-build/Makefile&quot;  VERBOSE=1 clean" />
            <DistClean command="/usr/bin/make -f &quot;/Volumes/evannick/dgp-final/dgp-final-build/Makefile&quot;  VERBOSE=1 clean" />
         </MakeCommands>
      </Target>
      <Target title="rebuild_cache">
         <Option working_dir="/Volumes/evannick/dgp-final/dgp-final-build" />
         <Option type="4" />
         <MakeCommands>
            <Build command="/usr/bin/make -f &quot;/Volumes/evannick/dgp-final/dgp-final-build/Makefile&quot;  VERBOSE=1 rebuild_cache" />
            <CompileFile command="/usr/bin/make -f &quot;/Volumes/evannick/dgp-final/dgp-final-build/Makefile&quot;  VERBOSE=1 &quot;$file&quot;" />
            <Clean command="/usr/bin/make -f &quot;/Volumes/evannick/dgp-final/dgp-final-build/Makefile&quot;  VERBOSE=1 clean" />
            <DistClean command="/usr/bin/make -f &quot;/Volumes/evannick/dgp-final/dgp-final-build/Makefile&quot;  VERBOSE=1 clean" />
         </MakeCommands>
      </Target>
      <Target title="OPENGP">
         <Option working_dir="/Volumes/evannick/dgp-final/dgp-final-build" />
         <Option type="4" />
         <MakeCommands>
            <Build command="/usr/bin/make -f &quot;/Volumes/evannick/dgp-final/dgp-final-build/Makefile&quot;  VERBOSE=1 OPENGP" />
            <CompileFile command="/usr/bin/make -f &quot;/Volumes/evannick/dgp-final/dgp-final-build/Makefile&quot;  VERBOSE=1 &quot;$file&quot;" />
            <Clean command="/usr/bin/make -f &quot;/Volumes/evannick/dgp-final/dgp-final-build/Makefile&quot;  VERBOSE=1 clean" />
            <DistClean command="/usr/bin/make -f &quot;/Volumes/evannick/dgp-final/dgp-final-build/Makefile&quot;  VERBOSE=1 clean" />
         </MakeCommands>
      </Target>
      <Target title="opengp">
         <Option working_dir="/Volumes/evannick/dgp-final/dgp-final-build" />
         <Option type="4" />
         <MakeCommands>
            <Build command="/usr/bin/make -f &quot;/Volumes/evannick/dgp-final/dgp-final-build/Makefile&quot;  VERBOSE=1 opengp" />
            <CompileFile command="/usr/bin/make -f &quot;/Volumes/evannick/dgp-final/dgp-final-build/Makefile&quot;  VERBOSE=1 &quot;$file&quot;" />
            <Clean command="/usr/bin/make -f &quot;/Volumes/evannick/dgp-final/dgp-final-build/Makefile&quot;  VERBOSE=1 clean" />
            <DistClean command="/usr/bin/make -f &quot;/Volumes/evannick/dgp-final/dgp-final-build/Makefile&quot;  VERBOSE=1 clean" />
         </MakeCommands>
      </Target>
      <Target title="DGP_DATA">
         <Option working_dir="/Volumes/evannick/dgp-final/dgp-final-build/data" />
         <Option type="4" />
         <MakeCommands>
            <Build command="/usr/bin/make -f &quot;/Volumes/evannick/dgp-final/dgp-final-build/data/Makefile&quot;  VERBOSE=1 DGP_DATA" />
            <CompileFile command="/usr/bin/make -f &quot;/Volumes/evannick/dgp-final/dgp-final-build/data/Makefile&quot;  VERBOSE=1 &quot;$file&quot;" />
            <Clean command="/usr/bin/make -f &quot;/Volumes/evannick/dgp-final/dgp-final-build/data/Makefile&quot;  VERBOSE=1 clean" />
            <DistClean command="/usr/bin/make -f &quot;/Volumes/evannick/dgp-final/dgp-final-build/data/Makefile&quot;  VERBOSE=1 clean" />
         </MakeCommands>
      </Target>
      <Target title="Mesh-Mixing">
         <Option output="/Volumes/evannick/dgp-final/dgp-final-build/Mesh-Mixing/Mesh-Mixing" prefix_auto="0" extension_auto="0" />
         <Option working_dir="/Volumes/evannick/dgp-final/dgp-final-build/Mesh-Mixing" />
         <Option object_output="./" />
         <Option type="1" />
         <Option compiler="gcc" />
         <Compiler>
            <Add directory="/Volumes/evannick/dgp-final/dgp-final" />
            <Add directory="/usr/local/include" />
            <Add directory="/usr/local/include/eigen3" />
         </Compiler>
         <MakeCommands>
            <Build command="/usr/bin/make -f &quot;/Volumes/evannick/dgp-final/dgp-final-build/Mesh-Mixing/Makefile&quot;  VERBOSE=1 Mesh-Mixing" />
            <CompileFile command="/usr/bin/make -f &quot;/Volumes/evannick/dgp-final/dgp-final-build/Mesh-Mixing/Makefile&quot;  VERBOSE=1 &quot;$file&quot;" />
            <Clean command="/usr/bin/make -f &quot;/Volumes/evannick/dgp-final/dgp-final-build/Mesh-Mixing/Makefile&quot;  VERBOSE=1 clean" />
            <DistClean command="/usr/bin/make -f &quot;/Volumes/evannick/dgp-final/dgp-final-build/Mesh-Mixing/Makefile&quot;  VERBOSE=1 clean" />
         </MakeCommands>
      </Target>
      <Target title="Mesh-Mixing/fast">
         <Option output="/Volumes/evannick/dgp-final/dgp-final-build/Mesh-Mixing/Mesh-Mixing" prefix_auto="0" extension_auto="0" />
         <Option working_dir="/Volumes/evannick/dgp-final/dgp-final-build/Mesh-Mixing" />
         <Option object_output="./" />
         <Option type="1" />
         <Option compiler="gcc" />
         <Compiler>
            <Add directory="/Volumes/evannick/dgp-final/dgp-final" />
            <Add directory="/usr/local/include" />
            <Add directory="/usr/local/include/eigen3" />
         </Compiler>
         <MakeCommands>
            <Build command="/usr/bin/make -f &quot;/Volumes/evannick/dgp-final/dgp-final-build/Mesh-Mixing/Makefile&quot;  VERBOSE=1 Mesh-Mixing/fast" />
            <CompileFile command="/usr/bin/make -f &quot;/Volumes/evannick/dgp-final/dgp-final-build/Mesh-Mixing/Makefile&quot;  VERBOSE=1 &quot;$file&quot;" />
            <Clean command="/usr/bin/make -f &quot;/Volumes/evannick/dgp-final/dgp-final-build/Mesh-Mixing/Makefile&quot;  VERBOSE=1 clean" />
            <DistClean command="/usr/bin/make -f &quot;/Volumes/evannick/dgp-final/dgp-final-build/Mesh-Mixing/Makefile&quot;  VERBOSE=1 clean" />
         </MakeCommands>
      </Target>
      </Build>
      <Unit filename="/Volumes/evannick/dgp-final/dgp-final/Mesh-Mixing/main.cpp">
         <Option target="OPENGP"/>
         <Option target="Mesh-Mixing"/>
      </Unit>
      <Unit filename="/Volumes/evannick/dgp-final/dgp-final/OpenGP/CGAL/AABBSearcher.h">
         <Option target="OPENGP"/>
      </Unit>
      <Unit filename="/Volumes/evannick/dgp-final/dgp-final/OpenGP/Eigen/Image.h">
         <Option target="OPENGP"/>
      </Unit>
      <Unit filename="/Volumes/evannick/dgp-final/dgp-final/OpenGP/GL/ArcballCamera.h">
         <Option target="OPENGP"/>
      </Unit>
      <Unit filename="/Volumes/evannick/dgp-final/dgp-final/OpenGP/GL/Buffer.h">
         <Option target="OPENGP"/>
      </Unit>
      <Unit filename="/Volumes/evannick/dgp-final/dgp-final/OpenGP/GL/Eigen.h">
         <Option target="OPENGP"/>
      </Unit>
      <Unit filename="/Volumes/evannick/dgp-final/dgp-final/OpenGP/GL/GlfwFpsCounter.h">
         <Option target="OPENGP"/>
      </Unit>
      <Unit filename="/Volumes/evannick/dgp-final/dgp-final/OpenGP/GL/GlfwWindow.h">
         <Option target="OPENGP"/>
      </Unit>
      <Unit filename="/Volumes/evannick/dgp-final/dgp-final/OpenGP/GL/PointsRenderer.cpp">
         <Option target="OPENGP"/>
      </Unit>
      <Unit filename="/Volumes/evannick/dgp-final/dgp-final/OpenGP/GL/PointsRenderer.h">
         <Option target="OPENGP"/>
      </Unit>
      <Unit filename="/Volumes/evannick/dgp-final/dgp-final/OpenGP/GL/SceneGraph.h">
         <Option target="OPENGP"/>
      </Unit>
      <Unit filename="/Volumes/evannick/dgp-final/dgp-final/OpenGP/GL/SceneObject.h">
         <Option target="OPENGP"/>
      </Unit>
      <Unit filename="/Volumes/evannick/dgp-final/dgp-final/OpenGP/GL/SegmentsRenderer.h">
         <Option target="OPENGP"/>
      </Unit>
      <Unit filename="/Volumes/evannick/dgp-final/dgp-final/OpenGP/GL/Shader.cpp">
         <Option target="OPENGP"/>
      </Unit>
      <Unit filename="/Volumes/evannick/dgp-final/dgp-final/OpenGP/GL/Shader.h">
         <Option target="OPENGP"/>
      </Unit>
      <Unit filename="/Volumes/evannick/dgp-final/dgp-final/OpenGP/GL/Trackball.h">
         <Option target="OPENGP"/>
      </Unit>
      <Unit filename="/Volumes/evannick/dgp-final/dgp-final/OpenGP/GL/VertexArrayObject.h">
         <Option target="OPENGP"/>
      </Unit>
      <Unit filename="/Volumes/evannick/dgp-final/dgp-final/OpenGP/GL/check_error_gl.h">
         <Option target="OPENGP"/>
      </Unit>
      <Unit filename="/Volumes/evannick/dgp-final/dgp-final/OpenGP/GL/gl.h">
         <Option target="OPENGP"/>
      </Unit>
      <Unit filename="/Volumes/evannick/dgp-final/dgp-final/OpenGP/GL/glfw.h">
         <Option target="OPENGP"/>
      </Unit>
      <Unit filename="/Volumes/evannick/dgp-final/dgp-final/OpenGP/GL/glfw_helpers.h">
         <Option target="OPENGP"/>
      </Unit>
      <Unit filename="/Volumes/evannick/dgp-final/dgp-final/OpenGP/GL/glfw_trackball.h">
         <Option target="OPENGP"/>
      </Unit>
      <Unit filename="/Volumes/evannick/dgp-final/dgp-final/OpenGP/GL/opengl_helpers.h">
         <Option target="OPENGP"/>
      </Unit>
      <Unit filename="/Volumes/evannick/dgp-final/dgp-final/OpenGP/GL/shader_helpers.h">
         <Option target="OPENGP"/>
      </Unit>
      <Unit filename="/Volumes/evannick/dgp-final/dgp-final/OpenGP/MATLAB/random.h">
         <Option target="OPENGP"/>
      </Unit>
      <Unit filename="/Volumes/evannick/dgp-final/dgp-final/OpenGP/MLogger.h">
         <Option target="OPENGP"/>
      </Unit>
      <Unit filename="/Volumes/evannick/dgp-final/dgp-final/OpenGP/NullStream.h">
         <Option target="OPENGP"/>
      </Unit>
      <Unit filename="/Volumes/evannick/dgp-final/dgp-final/OpenGP/Qt/QGLFormat32.h">
         <Option target="OPENGP"/>
      </Unit>
      <Unit filename="/Volumes/evannick/dgp-final/dgp-final/OpenGP/Qt/QGLWidget32.h">
         <Option target="OPENGP"/>
      </Unit>
      <Unit filename="/Volumes/evannick/dgp-final/dgp-final/OpenGP/Qt/qglviewer/QGLMeshLabViewer.h">
         <Option target="OPENGP"/>
      </Unit>
      <Unit filename="/Volumes/evannick/dgp-final/dgp-final/OpenGP/Qt/qglviewer/helpers.h">
         <Option target="OPENGP"/>
      </Unit>
      <Unit filename="/Volumes/evannick/dgp-final/dgp-final/OpenGP/SurfaceMesh/Algorithm.h">
         <Option target="OPENGP"/>
      </Unit>
      <Unit filename="/Volumes/evannick/dgp-final/dgp-final/OpenGP/SurfaceMesh/GL/SurfaceMeshRenderCloud.h">
         <Option target="OPENGP"/>
      </Unit>
      <Unit filename="/Volumes/evannick/dgp-final/dgp-final/OpenGP/SurfaceMesh/GL/SurfaceMeshRenderFlat.h">
         <Option target="OPENGP"/>
      </Unit>
      <Unit filename="/Volumes/evannick/dgp-final/dgp-final/OpenGP/SurfaceMesh/GL/SurfaceMeshRenderShaded.cpp">
         <Option target="OPENGP"/>
      </Unit>
      <Unit filename="/Volumes/evannick/dgp-final/dgp-final/OpenGP/SurfaceMesh/GL/SurfaceMeshRenderShaded.h">
         <Option target="OPENGP"/>
      </Unit>
      <Unit filename="/Volumes/evannick/dgp-final/dgp-final/OpenGP/SurfaceMesh/GL/SurfaceMeshRenderVertexNormals.h">
         <Option target="OPENGP"/>
      </Unit>
      <Unit filename="/Volumes/evannick/dgp-final/dgp-final/OpenGP/SurfaceMesh/IO/IO.cpp">
         <Option target="OPENGP"/>
      </Unit>
      <Unit filename="/Volumes/evannick/dgp-final/dgp-final/OpenGP/SurfaceMesh/IO/IO.h">
         <Option target="OPENGP"/>
      </Unit>
      <Unit filename="/Volumes/evannick/dgp-final/dgp-final/OpenGP/SurfaceMesh/IO/IO_obj.cpp">
         <Option target="OPENGP"/>
      </Unit>
      <Unit filename="/Volumes/evannick/dgp-final/dgp-final/OpenGP/SurfaceMesh/IO/IO_off.cpp">
         <Option target="OPENGP"/>
      </Unit>
      <Unit filename="/Volumes/evannick/dgp-final/dgp-final/OpenGP/SurfaceMesh/IO/IO_poly.cpp">
         <Option target="OPENGP"/>
      </Unit>
      <Unit filename="/Volumes/evannick/dgp-final/dgp-final/OpenGP/SurfaceMesh/IO/IO_stl.cpp">
         <Option target="OPENGP"/>
      </Unit>
      <Unit filename="/Volumes/evannick/dgp-final/dgp-final/OpenGP/SurfaceMesh/Subdivision/Loop.cpp">
         <Option target="OPENGP"/>
      </Unit>
      <Unit filename="/Volumes/evannick/dgp-final/dgp-final/OpenGP/SurfaceMesh/Subdivision/Loop.h">
         <Option target="OPENGP"/>
      </Unit>
      <Unit filename="/Volumes/evannick/dgp-final/dgp-final/OpenGP/SurfaceMesh/SurfaceMesh.cpp">
         <Option target="OPENGP"/>
      </Unit>
      <Unit filename="/Volumes/evannick/dgp-final/dgp-final/OpenGP/SurfaceMesh/SurfaceMesh.h">
         <Option target="OPENGP"/>
      </Unit>
      <Unit filename="/Volumes/evannick/dgp-final/dgp-final/OpenGP/SurfaceMesh/bounding_box.h">
         <Option target="OPENGP"/>
      </Unit>
      <Unit filename="/Volumes/evannick/dgp-final/dgp-final/OpenGP/SurfaceMesh/eigen.h">
         <Option target="OPENGP"/>
      </Unit>
      <Unit filename="/Volumes/evannick/dgp-final/dgp-final/OpenGP/SurfaceMesh/internal/Global_properties.h">
         <Option target="OPENGP"/>
      </Unit>
      <Unit filename="/Volumes/evannick/dgp-final/dgp-final/OpenGP/SurfaceMesh/internal/properties.h">
         <Option target="OPENGP"/>
      </Unit>
      <Unit filename="/Volumes/evannick/dgp-final/dgp-final/OpenGP/SurfaceMesh/remesh.cpp">
         <Option target="OPENGP"/>
      </Unit>
      <Unit filename="/Volumes/evannick/dgp-final/dgp-final/OpenGP/SurfaceMesh/remesh.h">
         <Option target="OPENGP"/>
      </Unit>
      <Unit filename="/Volumes/evannick/dgp-final/dgp-final/OpenGP/headeronly.h">
         <Option target="OPENGP"/>
      </Unit>
      <Unit filename="/Volumes/evannick/dgp-final/dgp-final/OpenGP/types.h">
         <Option target="OPENGP"/>
      </Unit>
      <Unit filename="/Volumes/evannick/dgp-final/dgp-final/data/CMakeLists.txt">
         <Option target="DGP_DATA"/>
      </Unit>
      <Unit filename="/Volumes/evannick/dgp-final/dgp-final/data/bunny.obj">
         <Option target="DGP_DATA"/>
      </Unit>
      <Unit filename="/Volumes/evannick/dgp-final/dgp-final/data/bunny.off">
         <Option target="DGP_DATA"/>
      </Unit>
      <Unit filename="/Volumes/evannick/dgp-final/dgp-final/data/dodeca.obj">
         <Option target="DGP_DATA"/>
      </Unit>
      <Unit filename="/Volumes/evannick/dgp-final/dgp-final/data/face_cloud.obj">
         <Option target="DGP_DATA"/>
      </Unit>
      <Unit filename="/Volumes/evannick/dgp-final/dgp-final/data/fandisk.obj">
         <Option target="DGP_DATA"/>
      </Unit>
      <Unit filename="/Volumes/evannick/dgp-final/dgp-final/data/indorelax.obj">
         <Option target="DGP_DATA"/>
      </Unit>
      <Unit filename="/Volumes/evannick/dgp-final/dgp-final/data/meshed_quad.obj">
         <Option target="DGP_DATA"/>
      </Unit>
      <Unit filename="/Volumes/evannick/dgp-final/dgp-final/data/sphere.obj">
         <Option target="DGP_DATA"/>
      </Unit>
      <Unit filename="/Volumes/evannick/dgp-final/dgp-final/data/sphere_cloud.obj">
         <Option target="DGP_DATA"/>
      </Unit>
      <Unit filename="/Volumes/evannick/dgp-final/dgp-final/data/square.off">
         <Option target="DGP_DATA"/>
      </Unit>
      <Unit filename="/Volumes/evannick/dgp-final/dgp-final/data/tet.obj">
         <Option target="DGP_DATA"/>
      </Unit>
      <Unit filename="/Volumes/evannick/dgp-final/dgp-final/data/torus_cloud.obj">
         <Option target="DGP_DATA"/>
      </Unit>
      <Unit filename="/Volumes/evannick/dgp-final/dgp-final/data/torus_cloud_unoriented.obj">
         <Option target="DGP_DATA"/>
      </Unit>
      <Unit filename="/Volumes/evannick/dgp-final/dgp-final/data/triangle.obj">
         <Option target="DGP_DATA"/>
      </Unit>
      <Unit filename="/Volumes/evannick/dgp-final/dgp-final/data/woody.obj">
         <Option target="DGP_DATA"/>
      </Unit>
      <Unit filename="/Volumes/evannick/dgp-final/dgp-final/CMakeLists.txt">
          <Option virtualFolder="CMake Files\" />
      </Unit>
      <Unit filename="/Volumes/evannick/dgp-final/dgp-final/cmake/ConfigureEigen.cmake">
          <Option virtualFolder="CMake Files\cmake\" />
      </Unit>
      <Unit filename="/Volumes/evannick/dgp-final/dgp-final/cmake/FindEigen3.cmake">
          <Option virtualFolder="CMake Files\cmake\" />
      </Unit>
      <Unit filename="/Volumes/evannick/dgp-final/dgp-final/cmake/ConfigureGLEW.cmake">
          <Option virtualFolder="CMake Files\cmake\" />
      </Unit>
      <Unit filename="/Volumes/evannick/dgp-final/dgp-final/cmake/ConfigureOpenGL.cmake">
          <Option virtualFolder="CMake Files\cmake\" />
      </Unit>
      <Unit filename="/Volumes/evannick/dgp-final/dgp-final/cmake/ConfigureGLFW3.cmake">
          <Option virtualFolder="CMake Files\cmake\" />
      </Unit>
      <Unit filename="/Volumes/evannick/dgp-final/dgp-final/cmake/FindGLFW3.cmake">
          <Option virtualFolder="CMake Files\cmake\" />
      </Unit>
      <Unit filename="/Volumes/evannick/dgp-final/dgp-final/cmake/ConfigureOpenGP.cmake">
          <Option virtualFolder="CMake Files\cmake\" />
      </Unit>
      <Unit filename="/Volumes/evannick/dgp-final/dgp-final/cmake/FindOpenGP.cmake">
          <Option virtualFolder="CMake Files\cmake\" />
      </Unit>
      <Unit filename="/Volumes/evannick/dgp-final/dgp-final/cmake/ConfigureCompiler.cmake">
          <Option virtualFolder="CMake Files\cmake\" />
      </Unit>
      <Unit filename="/Volumes/evannick/dgp-final/dgp-final/data/CMakeLists.txt">
          <Option virtualFolder="CMake Files\data\" />
      </Unit>
      <Unit filename="/Volumes/evannick/dgp-final/dgp-final/Mesh-Mixing/CMakeLists.txt">
          <Option virtualFolder="CMake Files\Mesh-Mixing\" />
      </Unit>
   </Project>
</CodeBlocks_project_file>
